
Microsoft Visual Studio Solution File, Format Version 12.00
# Visual Studio Version 17
VisualStudioVersion = 17.2.32519.379
MinimumVisualStudioVersion = 10.0.40219.1
Project("{FAE04EC0-301F-11D3-BF4B-00C04F79EFBC}") = "Ex02FutureValue", "Ex02FutureValue\Ex02FutureValue.csproj", "{FA76600A-6C78-4F40-864B-DE4B6EBD4E3A}"
EndProject
Project("{FAE04EC0-301F-11D3-BF4B-00C04F79EFBC}") = "Task-2", "Task-2\Task-2.csproj", "{D7024817-DB2F-4345-8151-8E9BDE6EA9A5}"
EndProject
Project("{FAE04EC0-301F-11D3-BF4B-00C04F79EFBC}") = "Task-3", "Task-3\Task-3.csproj", "{2085EA24-924F-4886-9FE1-E6922100ECEC}"
EndProject
Project("{FAE04EC0-301F-11D3-BF4B-00C04F79EFBC}") = "Task-4", "Task-4\Task-4.csproj", "{1EB14F77-163C-4173-A397-65221044F677}"
EndProject
Project("{FAE04EC0-301F-11D3-BF4B-00C04F79EFBC}") = "Task-6", "Task-6\Task-6.csproj", "{C9E928CC-961C-4411-927F-EEDE313FD8CE}"
EndProject
Project("{FAE04EC0-301F-11D3-BF4B-00C04F79EFBC}") = "Task-5", "Task-5\Task-5.csproj", "{C89B25F2-219E-42DD-8C22-279DC65799F5}"
EndProject
Global
	GlobalSection(SolutionConfigurationPlatforms) = preSolution
		Debug|Any CPU = Debug|Any CPU
		Release|Any CPU = Release|Any CPU
	EndGlobalSection
	GlobalSection(ProjectConfigurationPlatforms) = postSolution
		{FA76600A-6C78-4F40-864B-DE4B6EBD4E3A}.Debug|Any CPU.ActiveCfg = Debug|Any CPU
		{FA76600A-6C78-4F40-864B-DE4B6EBD4E3A}.Debug|Any CPU.Build.0 = Debug|Any CPU
		{FA76600A-6C78-4F40-864B-DE4B6EBD4E3A}.Release|Any CPU.ActiveCfg = Release|Any CPU
		{FA76600A-6C78-4F40-864B-DE4B6EBD4E3A}.Release|Any CPU.Build.0 = Release|Any CPU
		{D7024817-DB2F-4345-8151-8E9BDE6EA9A5}.Debug|Any CPU.ActiveCfg = Debug|Any CPU
		{D7024817-DB2F-4345-8151-8E9BDE6EA9A5}.Debug|Any CPU.Build.0 = Debug|Any CPU
		{D7024817-DB2F-4345-8151-8E9BDE6EA9A5}.Release|Any CPU.ActiveCfg = Release|Any CPU
		{D7024817-DB2F-4345-8151-8E9BDE6EA9A5}.Release|Any CPU.Build.0 = Release|Any CPU
		{2085EA24-924F-4886-9FE1-E6922100ECEC}.Debug|Any CPU.ActiveCfg = Debug|Any CPU
		{2085EA24-924F-4886-9FE1-E6922100ECEC}.Debug|Any CPU.Build.0 = Debug|Any CPU
		{2085EA24-924F-4886-9FE1-E6922100ECEC}.Release|Any CPU.ActiveCfg = Release|Any CPU
		{2085EA24-924F-4886-9FE1-E6922100ECEC}.Release|Any CPU.Build.0 = Release|Any CPU
		{1EB14F77-163C-4173-A397-65221044F677}.Debug|Any CPU.ActiveCfg = Debug|Any CPU
		{1EB14F77-163C-4173-A397-65221044F677}.Debug|Any CPU.Build.0 = Debug|Any CPU
		{1EB14F77-163C-4173-A397-65221044F677}.Release|Any CPU.ActiveCfg = Release|Any CPU
		{1EB14F77-163C-4173-A397-65221044F677}.Release|Any CPU.Build.0 = Release|Any CPU
		{C9E928CC-961C-4411-927F-EEDE313FD8CE}.Debug|Any CPU.ActiveCfg = Debug|Any CPU
		{C9E928CC-961C-4411-927F-EEDE313FD8CE}.Debug|Any CPU.Build.0 = Debug|Any CPU
		{C9E928CC-961C-4411-927F-EEDE313FD8CE}.Release|Any CPU.ActiveCfg = Release|Any CPU
		{C9E928CC-961C-4411-927F-EEDE313FD8CE}.Release|Any CPU.Build.0 = Release|Any CPU
		{C89B25F2-219E-42DD-8C22-279DC65799F5}.Debug|Any CPU.ActiveCfg = Debug|Any CPU
		{C89B25F2-219E-42DD-8C22-279DC65799F5}.Debug|Any CPU.Build.0 = Debug|Any CPU
		{C89B25F2-219E-42DD-8C22-279DC65799F5}.Release|Any CPU.ActiveCfg = Release|Any CPU
		{C89B25F2-219E-42DD-8C22-279DC65799F5}.Release|Any CPU.Build.0 = Release|Any CPU
	EndGlobalSection
	GlobalSection(SolutionProperties) = preSolution
		HideSolutionNode = FALSE
	EndGlobalSection
	GlobalSection(ExtensibilityGlobals) = postSolution
		SolutionGuid = {1EFB9F03-97BB-41BB-A2F7-9901A9A79FBE}
	EndGlobalSection
EndGlobal
